
Microsoft Visual Studio Solution File, Format Version 12.00
# Visual Studio Version 17
VisualStudioVersion = 17.14.36518.9
MinimumVisualStudioVersion = 10.0.40219.1
Project("{FAE04EC0-301F-11D3-BF4B-00C04F79EFBC}") = "Corkboard", "Corkboard\Corkboard.csproj", "{84D079FD-FC2E-418D-816D-6F4BD3E8A12A}"
EndProject
Global
	GlobalSection(SolutionConfigurationPlatforms) = preSolution
		Debug|Any CPU = Debug|Any CPU
		Release|Any CPU = Release|Any CPU
	EndGlobalSection
	GlobalSection(ProjectConfigurationPlatforms) = postSolution
		{84D079FD-FC2E-418D-816D-6F4BD3E8A12A}.Debug|Any CPU.ActiveCfg = Debug|Any CPU
		{84D079FD-FC2E-418D-816D-6F4BD3E8A12A}.Debug|Any CPU.Build.0 = Debug|Any CPU
		{84D079FD-FC2E-418D-816D-6F4BD3E8A12A}.Release|Any CPU.ActiveCfg = Release|Any CPU
		{84D079FD-FC2E-418D-816D-6F4BD3E8A12A}.Release|Any CPU.Build.0 = Release|Any CPU
	EndGlobalSection
	GlobalSection(SolutionProperties) = preSolution
		HideSolutionNode = FALSE
	EndGlobalSection
	GlobalSection(ExtensibilityGlobals) = postSolution
		SolutionGuid = {34353093-2F2F-4CDA-842E-DBC9ACA4D74D}
	EndGlobalSection
EndGlobal
